
Microsoft Visual Studio Solution File, Format Version 12.00
# Visual Studio 15
VisualStudioVersion = 15.0.28307.421
MinimumVisualStudioVersion = 10.0.40219.1
Project("{F184B08F-C81C-45F6-A57F-5ABD9991F28F}") = "SamplesVB", "SampleBundle\SamplesVB.vbproj", "{22E42640-D2D2-40A8-BB7F-9F4F5D091D38}"
EndProject
Project("{FAE04EC0-301F-11D3-BF4B-00C04F79EFBC}") = "SampleCSharp", "SampleCSharp\SampleCSharp.csproj", "{069114ED-5493-406F-ACE8-9E1351957A6B}"
EndProject
Project("{F184B08F-C81C-45F6-A57F-5ABD9991F28F}") = "InitialSelector", "InitialSelector\InitialSelector.vbproj", "{9979FFAA-58CC-4403-B49B-6A696D9EF00E}"
EndProject
Global
	GlobalSection(SolutionConfigurationPlatforms) = preSolution
		Debug|Any CPU = Debug|Any CPU
		Release|Any CPU = Release|Any CPU
	EndGlobalSection
	GlobalSection(ProjectConfigurationPlatforms) = postSolution
		{22E42640-D2D2-40A8-BB7F-9F4F5D091D38}.Debug|Any CPU.ActiveCfg = Debug|Any CPU
		{22E42640-D2D2-40A8-BB7F-9F4F5D091D38}.Debug|Any CPU.Build.0 = Debug|Any CPU
		{22E42640-D2D2-40A8-BB7F-9F4F5D091D38}.Release|Any CPU.ActiveCfg = Release|Any CPU
		{22E42640-D2D2-40A8-BB7F-9F4F5D091D38}.Release|Any CPU.Build.0 = Release|Any CPU
		{069114ED-5493-406F-ACE8-9E1351957A6B}.Debug|Any CPU.ActiveCfg = Debug|Any CPU
		{069114ED-5493-406F-ACE8-9E1351957A6B}.Debug|Any CPU.Build.0 = Debug|Any CPU
		{069114ED-5493-406F-ACE8-9E1351957A6B}.Release|Any CPU.ActiveCfg = Release|Any CPU
		{069114ED-5493-406F-ACE8-9E1351957A6B}.Release|Any CPU.Build.0 = Release|Any CPU
		{9979FFAA-58CC-4403-B49B-6A696D9EF00E}.Debug|Any CPU.ActiveCfg = Debug|Any CPU
		{9979FFAA-58CC-4403-B49B-6A696D9EF00E}.Debug|Any CPU.Build.0 = Debug|Any CPU
		{9979FFAA-58CC-4403-B49B-6A696D9EF00E}.Release|Any CPU.ActiveCfg = Release|Any CPU
		{9979FFAA-58CC-4403-B49B-6A696D9EF00E}.Release|Any CPU.Build.0 = Release|Any CPU
	EndGlobalSection
	GlobalSection(SolutionProperties) = preSolution
		HideSolutionNode = FALSE
	EndGlobalSection
	GlobalSection(ExtensibilityGlobals) = postSolution
		SolutionGuid = {A1EF3776-1A51-4587-AFD1-D4D377680197}
	EndGlobalSection
EndGlobal
